
Microsoft Visual Studio Solution File, Format Version 12.00
# Visual Studio 14
VisualStudioVersion = 14.0.23107.0
MinimumVisualStudioVersion = 10.0.40219.1
Project("{2150E333-8FDC-42A3-9474-1A3956D46DE8}") = "src", "src", "{28503CC8-3D8A-409B-9E03-FEA306C847B5}"
	ProjectSection(SolutionItems) = preProject
		.gitignore = .gitignore
		Readme.md = Readme.md
	EndProjectSection
EndProject
Project("{FAE04EC0-301F-11D3-BF4B-00C04F79EFBC}") = "dojo.CardShuffle", "src\dojo.CardShuffle\dojo.CardShuffle.csproj", "{EE7FD371-8F77-4C01-81B8-F8CF22925314}"
EndProject
Project("{FAE04EC0-301F-11D3-BF4B-00C04F79EFBC}") = "dojo.CardShuffle.Tests", "src\dojo.CardShuffle.Tests\dojo.CardShuffle.Tests.csproj", "{E2FC3BF0-E5F6-43E2-AA66-2741BDBB23C7}"
EndProject
Project("{2150E333-8FDC-42A3-9474-1A3956D46DE8}") = "Solution Items", "Solution Items", "{31D4110E-903A-4AAE-9018-7C7AF1706C8C}"
EndProject
Global
	GlobalSection(SolutionConfigurationPlatforms) = preSolution
		Debug|Any CPU = Debug|Any CPU
		Release|Any CPU = Release|Any CPU
	EndGlobalSection
	GlobalSection(ProjectConfigurationPlatforms) = postSolution
		{EE7FD371-8F77-4C01-81B8-F8CF22925314}.Debug|Any CPU.ActiveCfg = Debug|Any CPU
		{EE7FD371-8F77-4C01-81B8-F8CF22925314}.Debug|Any CPU.Build.0 = Debug|Any CPU
		{EE7FD371-8F77-4C01-81B8-F8CF22925314}.Release|Any CPU.ActiveCfg = Release|Any CPU
		{EE7FD371-8F77-4C01-81B8-F8CF22925314}.Release|Any CPU.Build.0 = Release|Any CPU
		{E2FC3BF0-E5F6-43E2-AA66-2741BDBB23C7}.Debug|Any CPU.ActiveCfg = Debug|Any CPU
		{E2FC3BF0-E5F6-43E2-AA66-2741BDBB23C7}.Debug|Any CPU.Build.0 = Debug|Any CPU
		{E2FC3BF0-E5F6-43E2-AA66-2741BDBB23C7}.Release|Any CPU.ActiveCfg = Release|Any CPU
		{E2FC3BF0-E5F6-43E2-AA66-2741BDBB23C7}.Release|Any CPU.Build.0 = Release|Any CPU
	EndGlobalSection
	GlobalSection(SolutionProperties) = preSolution
		HideSolutionNode = FALSE
	EndGlobalSection
	GlobalSection(NestedProjects) = preSolution
		{EE7FD371-8F77-4C01-81B8-F8CF22925314} = {28503CC8-3D8A-409B-9E03-FEA306C847B5}
		{E2FC3BF0-E5F6-43E2-AA66-2741BDBB23C7} = {28503CC8-3D8A-409B-9E03-FEA306C847B5}
	EndGlobalSection
EndGlobal
